
Microsoft Visual Studio Solution File, Format Version 12.00
# Visual Studio Version 16
VisualStudioVersion = 16.0.30621.155
MinimumVisualStudioVersion = 10.0.40219.1
Project("{FAE04EC0-301F-11D3-BF4B-00C04F79EFBC}") = "bachhoaxanhdemo", "bachhoaxanhdemo\bachhoaxanhdemo.csproj", "{92A97EAF-9A24-4654-9442-64AA377F9EAC}"
EndProject
Global
	GlobalSection(SolutionConfigurationPlatforms) = preSolution
		Debug|Any CPU = Debug|Any CPU
		Release|Any CPU = Release|Any CPU
	EndGlobalSection
	GlobalSection(ProjectConfigurationPlatforms) = postSolution
		{92A97EAF-9A24-4654-9442-64AA377F9EAC}.Debug|Any CPU.ActiveCfg = Debug|Any CPU
		{92A97EAF-9A24-4654-9442-64AA377F9EAC}.Debug|Any CPU.Build.0 = Debug|Any CPU
		{92A97EAF-9A24-4654-9442-64AA377F9EAC}.Release|Any CPU.ActiveCfg = Release|Any CPU
		{92A97EAF-9A24-4654-9442-64AA377F9EAC}.Release|Any CPU.Build.0 = Release|Any CPU
	EndGlobalSection
	GlobalSection(SolutionProperties) = preSolution
		HideSolutionNode = FALSE
	EndGlobalSection
	GlobalSection(ExtensibilityGlobals) = postSolution
		SolutionGuid = {F0BE33F8-809C-4D4B-960F-CB1D1B8B5236}
	EndGlobalSection
EndGlobal
